
Microsoft Visual Studio Solution File, Format Version 12.00
# Visual Studio Version 17
VisualStudioVersion = 17.3.32901.215
MinimumVisualStudioVersion = 10.0.40219.1
Project("{9A19103F-16F7-4668-BE54-9A1E7A4F7556}") = "WebApi.Service", "WebApi.Service\WebApi.Service.csproj", "{50EF93A0-A3F6-490F-80C8-93E9FA90E057}"
EndProject
Project("{2150E333-8FDC-42A3-9474-1A3956D46DE8}") = "Persistence", "Persistence", "{EDD96F90-34E9-4F6D-B4A1-895CFB274A58}"
EndProject
Project("{2150E333-8FDC-42A3-9474-1A3956D46DE8}") = "Domain", "Domain", "{8573268F-9960-4902-B771-0F410799F5E6}"
EndProject
Project("{2150E333-8FDC-42A3-9474-1A3956D46DE8}") = "Application", "Application", "{4B4ACE7B-DA3E-4CF7-9874-D44CDA9BAE7E}"
EndProject
Project("{2150E333-8FDC-42A3-9474-1A3956D46DE8}") = "Infrastructure", "Infrastructure", "{1AB6E584-8F47-41D0-B880-BB0C92E9AF8D}"
EndProject
Project("{9A19103F-16F7-4668-BE54-9A1E7A4F7556}") = "Cache", "Cache\Cache.csproj", "{235FD4EB-9BB7-441C-B51D-73789ADF61CC}"
EndProject
Project("{9A19103F-16F7-4668-BE54-9A1E7A4F7556}") = "Database", "Database\Database.csproj", "{9B349BAA-B9ED-4391-A7D9-73F084ECB649}"
EndProject
Project("{9A19103F-16F7-4668-BE54-9A1E7A4F7556}") = "Database.SqlServer", "Database.SqlServer\Database.SqlServer.csproj", "{7AA851D2-6171-4881-A55A-2CBC695B0F8C}"
EndProject
Project("{9A19103F-16F7-4668-BE54-9A1E7A4F7556}") = "Database.PostgreSql", "Database.PostgreSql\Database.PostgreSql.csproj", "{7174F0A9-4111-4F2C-9C3F-BC742C9A34ED}"
EndProject
Project("{9A19103F-16F7-4668-BE54-9A1E7A4F7556}") = "Services", "Services\Services.csproj", "{7C9FA65E-8E4F-4916-892E-F02F6C4EC166}"
EndProject
Project("{9A19103F-16F7-4668-BE54-9A1E7A4F7556}") = "Data", "Data\Data.csproj", "{ED51A01F-C094-4DBD-8F28-D94A827D1BDD}"
EndProject
Project("{9A19103F-16F7-4668-BE54-9A1E7A4F7556}") = "Kernel", "Kernel\Kernel.csproj", "{D7F8641C-D70E-4584-B663-52C16B1619C5}"
EndProject
Project("{2150E333-8FDC-42A3-9474-1A3956D46DE8}") = "Test", "Test", "{0A1153CE-1FED-475F-ABA5-8010CAFB9ECA}"
EndProject
Project("{9A19103F-16F7-4668-BE54-9A1E7A4F7556}") = "Database.PostgreSql.Test", "Database.PostgreSql.Test\Database.PostgreSql.Test.csproj", "{57E9A108-6617-4244-B11F-2D8CD16C899E}"
EndProject
Project("{9A19103F-16F7-4668-BE54-9A1E7A4F7556}") = "Database.SqlServer.Test", "Database.SqlServer.Test\Database.SqlServer.Test.csproj", "{519B0A38-74B2-42EC-9EF0-8E71E84CA461}"
EndProject
Project("{9A19103F-16F7-4668-BE54-9A1E7A4F7556}") = "Cache.Test", "Cache.Test\Cache.Test.csproj", "{B9A0CE3F-E6ED-4008-AE50-F2A4533F69D2}"
EndProject
Project("{9A19103F-16F7-4668-BE54-9A1E7A4F7556}") = "Services.Test", "Services.Test\Services.Test.csproj", "{E053C8F3-A0F1-4A31-9AF5-B04DAF14348A}"
EndProject
Project("{2150E333-8FDC-42A3-9474-1A3956D46DE8}") = "Diagnostics", "Diagnostics", "{B1CB778A-F600-445D-8775-3D94456E06D9}"
EndProject
Project("{9A19103F-16F7-4668-BE54-9A1E7A4F7556}") = "Logging", "Logging\Logging.csproj", "{FF8126FD-3236-4764-AAAC-F6D16D3BEDB2}"
EndProject
Project("{9A19103F-16F7-4668-BE54-9A1E7A4F7556}") = "ExceptionHandling", "ExceptionHandling\ExceptionHandling.csproj", "{075D317F-A9B4-47B0-9D00-F0F58B1E77DF}"
EndProject
Project("{9A19103F-16F7-4668-BE54-9A1E7A4F7556}") = "Metrics", "Metrics\Metrics.csproj", "{B4CD1793-8016-4EC3-9CC0-2B3F90E3984F}"
EndProject
Project("{2150E333-8FDC-42A3-9474-1A3956D46DE8}") = "Foundation", "Foundation", "{17053EE1-6AF2-4734-AF1B-BADE1A4CEC5B}"
EndProject
Project("{9A19103F-16F7-4668-BE54-9A1E7A4F7556}") = "WebApi.Client", "WebApi.Client\WebApi.Client.csproj", "{419D5E23-3847-4970-A4F0-93F441480B8A}"
EndProject
Project("{D954291E-2A0B-460D-934E-DC6B0785DB48}") = "WebApi", "WebApi\WebApi.shproj", "{7E42CB5C-47B4-4C6C-B4E8-07AC9E9C396B}"
EndProject
Project("{2150E333-8FDC-42A3-9474-1A3956D46DE8}") = "Presentation", "Presentation", "{FAF3868E-F9E2-40D6-AF41-E68F1DBE91A4}"
EndProject
Project("{9A19103F-16F7-4668-BE54-9A1E7A4F7556}") = "Base.Test", "Base.Test\Base.Test.csproj", "{3A1BFB8C-28A1-4E0D-A88D-91FAB52A7A94}"
EndProject
Project("{2150E333-8FDC-42A3-9474-1A3956D46DE8}") = "Deployment", "Deployment", "{EA8EF3CC-3750-4260-84C2-BF60A5506F04}"
EndProject
Project("{2150E333-8FDC-42A3-9474-1A3956D46DE8}") = "SqlServer", "SqlServer", "{C669707D-E84B-4F94-B78F-731C15331E5C}"
	ProjectSection(SolutionItems) = preProject
		Deployment\SqlServer\InitializeDatabase.sql = Deployment\SqlServer\InitializeDatabase.sql
	EndProjectSection
EndProject
Project("{2150E333-8FDC-42A3-9474-1A3956D46DE8}") = "Solution Items", "Solution Items", "{43805D39-B829-43C0-BC1B-E15417017C9B}"
	ProjectSection(SolutionItems) = preProject
		LICENSE = LICENSE
		README.md = README.md
	EndProjectSection
EndProject
Project("{9A19103F-16F7-4668-BE54-9A1E7A4F7556}") = "WebApi.Client.Test", "WebApi.Client.Test\WebApi.Client.Test.csproj", "{E7E3EFFB-38F3-422D-BBBD-E9DB2CC28354}"
EndProject
Project("{2150E333-8FDC-42A3-9474-1A3956D46DE8}") = "PostgreSql", "PostgreSql", "{3FE6FBE9-A76B-4710-8C69-91255A3A12E1}"
	ProjectSection(SolutionItems) = preProject
		Deployment\PostgreSql\InitializeDatabase.sql = Deployment\PostgreSql\InitializeDatabase.sql
	EndProjectSection
EndProject
Global
	GlobalSection(SolutionConfigurationPlatforms) = preSolution
		Debug|Any CPU = Debug|Any CPU
		Release|Any CPU = Release|Any CPU
	EndGlobalSection
	GlobalSection(ProjectConfigurationPlatforms) = postSolution
		{50EF93A0-A3F6-490F-80C8-93E9FA90E057}.Debug|Any CPU.ActiveCfg = Debug|Any CPU
		{50EF93A0-A3F6-490F-80C8-93E9FA90E057}.Debug|Any CPU.Build.0 = Debug|Any CPU
		{50EF93A0-A3F6-490F-80C8-93E9FA90E057}.Release|Any CPU.ActiveCfg = Release|Any CPU
		{50EF93A0-A3F6-490F-80C8-93E9FA90E057}.Release|Any CPU.Build.0 = Release|Any CPU
		{235FD4EB-9BB7-441C-B51D-73789ADF61CC}.Debug|Any CPU.ActiveCfg = Debug|Any CPU
		{235FD4EB-9BB7-441C-B51D-73789ADF61CC}.Debug|Any CPU.Build.0 = Debug|Any CPU
		{235FD4EB-9BB7-441C-B51D-73789ADF61CC}.Release|Any CPU.ActiveCfg = Release|Any CPU
		{235FD4EB-9BB7-441C-B51D-73789ADF61CC}.Release|Any CPU.Build.0 = Release|Any CPU
		{9B349BAA-B9ED-4391-A7D9-73F084ECB649}.Debug|Any CPU.ActiveCfg = Debug|Any CPU
		{9B349BAA-B9ED-4391-A7D9-73F084ECB649}.Debug|Any CPU.Build.0 = Debug|Any CPU
		{9B349BAA-B9ED-4391-A7D9-73F084ECB649}.Release|Any CPU.ActiveCfg = Release|Any CPU
		{9B349BAA-B9ED-4391-A7D9-73F084ECB649}.Release|Any CPU.Build.0 = Release|Any CPU
		{7AA851D2-6171-4881-A55A-2CBC695B0F8C}.Debug|Any CPU.ActiveCfg = Debug|Any CPU
		{7AA851D2-6171-4881-A55A-2CBC695B0F8C}.Debug|Any CPU.Build.0 = Debug|Any CPU
		{7AA851D2-6171-4881-A55A-2CBC695B0F8C}.Release|Any CPU.ActiveCfg = Release|Any CPU
		{7AA851D2-6171-4881-A55A-2CBC695B0F8C}.Release|Any CPU.Build.0 = Release|Any CPU
		{7174F0A9-4111-4F2C-9C3F-BC742C9A34ED}.Debug|Any CPU.ActiveCfg = Debug|Any CPU
		{7174F0A9-4111-4F2C-9C3F-BC742C9A34ED}.Debug|Any CPU.Build.0 = Debug|Any CPU
		{7174F0A9-4111-4F2C-9C3F-BC742C9A34ED}.Release|Any CPU.ActiveCfg = Release|Any CPU
		{7174F0A9-4111-4F2C-9C3F-BC742C9A34ED}.Release|Any CPU.Build.0 = Release|Any CPU
		{7C9FA65E-8E4F-4916-892E-F02F6C4EC166}.Debug|Any CPU.ActiveCfg = Debug|Any CPU
		{7C9FA65E-8E4F-4916-892E-F02F6C4EC166}.Debug|Any CPU.Build.0 = Debug|Any CPU
		{7C9FA65E-8E4F-4916-892E-F02F6C4EC166}.Release|Any CPU.ActiveCfg = Release|Any CPU
		{7C9FA65E-8E4F-4916-892E-F02F6C4EC166}.Release|Any CPU.Build.0 = Release|Any CPU
		{ED51A01F-C094-4DBD-8F28-D94A827D1BDD}.Debug|Any CPU.ActiveCfg = Debug|Any CPU
		{ED51A01F-C094-4DBD-8F28-D94A827D1BDD}.Debug|Any CPU.Build.0 = Debug|Any CPU
		{ED51A01F-C094-4DBD-8F28-D94A827D1BDD}.Release|Any CPU.ActiveCfg = Release|Any CPU
		{ED51A01F-C094-4DBD-8F28-D94A827D1BDD}.Release|Any CPU.Build.0 = Release|Any CPU
		{D7F8641C-D70E-4584-B663-52C16B1619C5}.Debug|Any CPU.ActiveCfg = Debug|Any CPU
		{D7F8641C-D70E-4584-B663-52C16B1619C5}.Debug|Any CPU.Build.0 = Debug|Any CPU
		{D7F8641C-D70E-4584-B663-52C16B1619C5}.Release|Any CPU.ActiveCfg = Release|Any CPU
		{D7F8641C-D70E-4584-B663-52C16B1619C5}.Release|Any CPU.Build.0 = Release|Any CPU
		{57E9A108-6617-4244-B11F-2D8CD16C899E}.Debug|Any CPU.ActiveCfg = Debug|Any CPU
		{57E9A108-6617-4244-B11F-2D8CD16C899E}.Debug|Any CPU.Build.0 = Debug|Any CPU
		{57E9A108-6617-4244-B11F-2D8CD16C899E}.Release|Any CPU.ActiveCfg = Release|Any CPU
		{57E9A108-6617-4244-B11F-2D8CD16C899E}.Release|Any CPU.Build.0 = Release|Any CPU
		{519B0A38-74B2-42EC-9EF0-8E71E84CA461}.Debug|Any CPU.ActiveCfg = Debug|Any CPU
		{519B0A38-74B2-42EC-9EF0-8E71E84CA461}.Debug|Any CPU.Build.0 = Debug|Any CPU
		{519B0A38-74B2-42EC-9EF0-8E71E84CA461}.Release|Any CPU.ActiveCfg = Release|Any CPU
		{519B0A38-74B2-42EC-9EF0-8E71E84CA461}.Release|Any CPU.Build.0 = Release|Any CPU
		{B9A0CE3F-E6ED-4008-AE50-F2A4533F69D2}.Debug|Any CPU.ActiveCfg = Debug|Any CPU
		{B9A0CE3F-E6ED-4008-AE50-F2A4533F69D2}.Debug|Any CPU.Build.0 = Debug|Any CPU
		{B9A0CE3F-E6ED-4008-AE50-F2A4533F69D2}.Release|Any CPU.ActiveCfg = Release|Any CPU
		{B9A0CE3F-E6ED-4008-AE50-F2A4533F69D2}.Release|Any CPU.Build.0 = Release|Any CPU
		{E053C8F3-A0F1-4A31-9AF5-B04DAF14348A}.Debug|Any CPU.ActiveCfg = Debug|Any CPU
		{E053C8F3-A0F1-4A31-9AF5-B04DAF14348A}.Debug|Any CPU.Build.0 = Debug|Any CPU
		{E053C8F3-A0F1-4A31-9AF5-B04DAF14348A}.Release|Any CPU.ActiveCfg = Release|Any CPU
		{E053C8F3-A0F1-4A31-9AF5-B04DAF14348A}.Release|Any CPU.Build.0 = Release|Any CPU
		{FF8126FD-3236-4764-AAAC-F6D16D3BEDB2}.Debug|Any CPU.ActiveCfg = Debug|Any CPU
		{FF8126FD-3236-4764-AAAC-F6D16D3BEDB2}.Debug|Any CPU.Build.0 = Debug|Any CPU
		{FF8126FD-3236-4764-AAAC-F6D16D3BEDB2}.Release|Any CPU.ActiveCfg = Release|Any CPU
		{FF8126FD-3236-4764-AAAC-F6D16D3BEDB2}.Release|Any CPU.Build.0 = Release|Any CPU
		{075D317F-A9B4-47B0-9D00-F0F58B1E77DF}.Debug|Any CPU.ActiveCfg = Debug|Any CPU
		{075D317F-A9B4-47B0-9D00-F0F58B1E77DF}.Debug|Any CPU.Build.0 = Debug|Any CPU
		{075D317F-A9B4-47B0-9D00-F0F58B1E77DF}.Release|Any CPU.ActiveCfg = Release|Any CPU
		{075D317F-A9B4-47B0-9D00-F0F58B1E77DF}.Release|Any CPU.Build.0 = Release|Any CPU
		{B4CD1793-8016-4EC3-9CC0-2B3F90E3984F}.Debug|Any CPU.ActiveCfg = Debug|Any CPU
		{B4CD1793-8016-4EC3-9CC0-2B3F90E3984F}.Debug|Any CPU.Build.0 = Debug|Any CPU
		{B4CD1793-8016-4EC3-9CC0-2B3F90E3984F}.Release|Any CPU.ActiveCfg = Release|Any CPU
		{B4CD1793-8016-4EC3-9CC0-2B3F90E3984F}.Release|Any CPU.Build.0 = Release|Any CPU
		{419D5E23-3847-4970-A4F0-93F441480B8A}.Debug|Any CPU.ActiveCfg = Debug|Any CPU
		{419D5E23-3847-4970-A4F0-93F441480B8A}.Debug|Any CPU.Build.0 = Debug|Any CPU
		{419D5E23-3847-4970-A4F0-93F441480B8A}.Release|Any CPU.ActiveCfg = Release|Any CPU
		{419D5E23-3847-4970-A4F0-93F441480B8A}.Release|Any CPU.Build.0 = Release|Any CPU
		{3A1BFB8C-28A1-4E0D-A88D-91FAB52A7A94}.Debug|Any CPU.ActiveCfg = Debug|Any CPU
		{3A1BFB8C-28A1-4E0D-A88D-91FAB52A7A94}.Debug|Any CPU.Build.0 = Debug|Any CPU
		{3A1BFB8C-28A1-4E0D-A88D-91FAB52A7A94}.Release|Any CPU.ActiveCfg = Release|Any CPU
		{3A1BFB8C-28A1-4E0D-A88D-91FAB52A7A94}.Release|Any CPU.Build.0 = Release|Any CPU
		{E7E3EFFB-38F3-422D-BBBD-E9DB2CC28354}.Debug|Any CPU.ActiveCfg = Debug|Any CPU
		{E7E3EFFB-38F3-422D-BBBD-E9DB2CC28354}.Debug|Any CPU.Build.0 = Debug|Any CPU
		{E7E3EFFB-38F3-422D-BBBD-E9DB2CC28354}.Release|Any CPU.ActiveCfg = Release|Any CPU
		{E7E3EFFB-38F3-422D-BBBD-E9DB2CC28354}.Release|Any CPU.Build.0 = Release|Any CPU
	EndGlobalSection
	GlobalSection(SolutionProperties) = preSolution
		HideSolutionNode = FALSE
	EndGlobalSection
	GlobalSection(NestedProjects) = preSolution
		{50EF93A0-A3F6-490F-80C8-93E9FA90E057} = {FAF3868E-F9E2-40D6-AF41-E68F1DBE91A4}
		{235FD4EB-9BB7-441C-B51D-73789ADF61CC} = {1AB6E584-8F47-41D0-B880-BB0C92E9AF8D}
		{9B349BAA-B9ED-4391-A7D9-73F084ECB649} = {EDD96F90-34E9-4F6D-B4A1-895CFB274A58}
		{7AA851D2-6171-4881-A55A-2CBC695B0F8C} = {EDD96F90-34E9-4F6D-B4A1-895CFB274A58}
		{7174F0A9-4111-4F2C-9C3F-BC742C9A34ED} = {EDD96F90-34E9-4F6D-B4A1-895CFB274A58}
		{7C9FA65E-8E4F-4916-892E-F02F6C4EC166} = {4B4ACE7B-DA3E-4CF7-9874-D44CDA9BAE7E}
		{ED51A01F-C094-4DBD-8F28-D94A827D1BDD} = {8573268F-9960-4902-B771-0F410799F5E6}
		{D7F8641C-D70E-4584-B663-52C16B1619C5} = {8573268F-9960-4902-B771-0F410799F5E6}
		{57E9A108-6617-4244-B11F-2D8CD16C899E} = {0A1153CE-1FED-475F-ABA5-8010CAFB9ECA}
		{519B0A38-74B2-42EC-9EF0-8E71E84CA461} = {0A1153CE-1FED-475F-ABA5-8010CAFB9ECA}
		{B9A0CE3F-E6ED-4008-AE50-F2A4533F69D2} = {0A1153CE-1FED-475F-ABA5-8010CAFB9ECA}
		{E053C8F3-A0F1-4A31-9AF5-B04DAF14348A} = {0A1153CE-1FED-475F-ABA5-8010CAFB9ECA}
		{FF8126FD-3236-4764-AAAC-F6D16D3BEDB2} = {B1CB778A-F600-445D-8775-3D94456E06D9}
		{075D317F-A9B4-47B0-9D00-F0F58B1E77DF} = {B1CB778A-F600-445D-8775-3D94456E06D9}
		{B4CD1793-8016-4EC3-9CC0-2B3F90E3984F} = {B1CB778A-F600-445D-8775-3D94456E06D9}
		{7E42CB5C-47B4-4C6C-B4E8-07AC9E9C396B} = {FAF3868E-F9E2-40D6-AF41-E68F1DBE91A4}
		{3A1BFB8C-28A1-4E0D-A88D-91FAB52A7A94} = {0A1153CE-1FED-475F-ABA5-8010CAFB9ECA}
		{C669707D-E84B-4F94-B78F-731C15331E5C} = {EA8EF3CC-3750-4260-84C2-BF60A5506F04}
		{E7E3EFFB-38F3-422D-BBBD-E9DB2CC28354} = {0A1153CE-1FED-475F-ABA5-8010CAFB9ECA}
		{3FE6FBE9-A76B-4710-8C69-91255A3A12E1} = {EA8EF3CC-3750-4260-84C2-BF60A5506F04}
	EndGlobalSection
	GlobalSection(ExtensibilityGlobals) = postSolution
		SolutionGuid = {97C00A3E-2091-4FCD-AF7E-C945ADED2275}
	EndGlobalSection
	GlobalSection(SharedMSBuildProjectFiles) = preSolution
		WebApi\WebApi.projitems*{419d5e23-3847-4970-a4f0-93f441480b8a}*SharedItemsImports = 5
		WebApi\WebApi.projitems*{50ef93a0-a3f6-490f-80c8-93e9fa90e057}*SharedItemsImports = 5
		WebApi\WebApi.projitems*{7e42cb5c-47b4-4c6c-b4e8-07ac9e9c396b}*SharedItemsImports = 13
	EndGlobalSection
EndGlobal
